
Microsoft Visual Studio Solution File, Format Version 12.00
# Visual Studio Version 16
VisualStudioVersion = 16.0.30114.105
MinimumVisualStudioVersion = 10.0.40219.1
Project("{FAE04EC0-301F-11D3-BF4B-00C04F79EFBC}") = "AppLib", "AppLib\AppLib.csproj", "{D7B7A8F6-8870-48BF-B0EB-07D0247DB17F}"
EndProject
Project("{FAE04EC0-301F-11D3-BF4B-00C04F79EFBC}") = "AppUI", "AppUI\AppUI.csproj", "{89BBF35C-7C22-4717-9B27-847290DC4300}"
EndProject
Global
	GlobalSection(SolutionConfigurationPlatforms) = preSolution
		Debug|Any CPU = Debug|Any CPU
		Release|Any CPU = Release|Any CPU
	EndGlobalSection
	GlobalSection(SolutionProperties) = preSolution
		HideSolutionNode = FALSE
	EndGlobalSection
	GlobalSection(ProjectConfigurationPlatforms) = postSolution
		{D7B7A8F6-8870-48BF-B0EB-07D0247DB17F}.Debug|Any CPU.ActiveCfg = Debug|Any CPU
		{D7B7A8F6-8870-48BF-B0EB-07D0247DB17F}.Debug|Any CPU.Build.0 = Debug|Any CPU
		{D7B7A8F6-8870-48BF-B0EB-07D0247DB17F}.Release|Any CPU.ActiveCfg = Release|Any CPU
		{D7B7A8F6-8870-48BF-B0EB-07D0247DB17F}.Release|Any CPU.Build.0 = Release|Any CPU
		{89BBF35C-7C22-4717-9B27-847290DC4300}.Debug|Any CPU.ActiveCfg = Debug|Any CPU
		{89BBF35C-7C22-4717-9B27-847290DC4300}.Debug|Any CPU.Build.0 = Debug|Any CPU
		{89BBF35C-7C22-4717-9B27-847290DC4300}.Release|Any CPU.ActiveCfg = Release|Any CPU
		{89BBF35C-7C22-4717-9B27-847290DC4300}.Release|Any CPU.Build.0 = Release|Any CPU
	EndGlobalSection
EndGlobal
